
Microsoft Visual Studio Solution File, Format Version 12.00
# Visual Studio Version 17
VisualStudioVersion = 17.4.32804.182
MinimumVisualStudioVersion = 10.0.40219.1
Project("{9A19103F-16F7-4668-BE54-9A1E7A4F7556}") = "English.Maui", "English.Maui.csproj", "{D72AC3DE-506C-4F09-A9E5-A821FE199EEB}"
EndProject
Global
	GlobalSection(SolutionConfigurationPlatforms) = preSolution
		Debug|Any CPU = Debug|Any CPU
		Release|Any CPU = Release|Any CPU
	EndGlobalSection
	GlobalSection(ProjectConfigurationPlatforms) = postSolution
		{D72AC3DE-506C-4F09-A9E5-A821FE199EEB}.Debug|Any CPU.ActiveCfg = Debug|Any CPU
		{D72AC3DE-506C-4F09-A9E5-A821FE199EEB}.Debug|Any CPU.Build.0 = Debug|Any CPU
		{D72AC3DE-506C-4F09-A9E5-A821FE199EEB}.Debug|Any CPU.Deploy.0 = Debug|Any CPU
		{D72AC3DE-506C-4F09-A9E5-A821FE199EEB}.Release|Any CPU.ActiveCfg = Release|Any CPU
		{D72AC3DE-506C-4F09-A9E5-A821FE199EEB}.Release|Any CPU.Build.0 = Release|Any CPU
		{D72AC3DE-506C-4F09-A9E5-A821FE199EEB}.Release|Any CPU.Deploy.0 = Release|Any CPU
	EndGlobalSection
	GlobalSection(SolutionProperties) = preSolution
		HideSolutionNode = FALSE
	EndGlobalSection
	GlobalSection(ExtensibilityGlobals) = postSolution
		SolutionGuid = {54BED6D3-ABF9-4764-B15C-312248831C1B}
	EndGlobalSection
EndGlobal
